{
  "name": "ncce-project",
  "requires": true,
  "lockfileVersion": 1,
  "dependencies": {
    "cookieconsent": {
      "version": "3.1.0",
      "resolved": "https://registry.npmjs.org/cookieconsent/-/cookieconsent-3.1.0.tgz",
      "integrity": "sha512-FhkOAzZdIVqg7UfPjymgJBA7ZeEjrMgO8RWh+1Z130K7TlJDNnIORMulvqmt66SPyfrUnFB3SYJ55/7EvEcSEA=="
    },
    "govuk-frontend": {
      "version": "2.3.0",
      "resolved": "https://registry.npmjs.org/govuk-frontend/-/govuk-frontend-2.3.0.tgz",
      "integrity": "sha512-LRg8HH4657V+pDWO6wyKQLPcdsU0RJmkFHkKjj72MP5CQAg4VSWU9I5IdemHwmCcnaTAgk+ygS5e9+jd5Iz+mQ=="
    }
  }
}
